atheris==3.0.0
    # via -r /in/fuzzing-optional.in
faker==40.15.0
    # via -r /in/fuzzing-optional.in
hypothesis==6.152.4
    # via -r /in/fuzzing-optional.in
iniconfig==2.3.0
    # via pytest
packaging==26.2
    # via pytest
pluggy==1.6.0
    # via pytest
pygments==2.20.0
    # via pytest
pytest==9.0.3
    # via
    #   pytest-randomly
    #   pytest-repeat
pytest-randomly==4.1.0
    # via -r /in/fuzzing-optional.in
pytest-repeat==0.9.4
    # via -r /in/fuzzing-optional.in
sortedcontainers==2.4.0
    # via hypothesis
